
Microsoft Visual Studio Solution File, Format Version 12.00
# Visual Studio 15
VisualStudioVersion = 15.0.27004.2009
MinimumVisualStudioVersion = 10.0.40219.1
Project("{FAE04EC0-301F-11D3-BF4B-00C04F79EFBC}") = "API client", "Client\API client.csproj", "{1D5E8EFB-C61F-436A-A5D7-57C3D5506D44}"
EndProject
Project("{FAE04EC0-301F-11D3-BF4B-00C04F79EFBC}") = "API host", "Host\API host.csproj", "{D7D21B4A-1DA7-41D8-B202-C58CA8FA62AA}"
	ProjectSection(ProjectDependencies) = postProject
		{1D5E8EFB-C61F-436A-A5D7-57C3D5506D44} = {1D5E8EFB-C61F-436A-A5D7-57C3D5506D44}
	EndProjectSection
EndProject
Project("{FAE04EC0-301F-11D3-BF4B-00C04F79EFBC}") = "Example1", "Example1\Example1.csproj", "{AC148760-7926-4473-8876-C2F4328FF95F}"
	ProjectSection(ProjectDependencies) = postProject
		{1D5E8EFB-C61F-436A-A5D7-57C3D5506D44} = {1D5E8EFB-C61F-436A-A5D7-57C3D5506D44}
	EndProjectSection
EndProject
Project("{FAE04EC0-301F-11D3-BF4B-00C04F79EFBC}") = "Documentation", "Documentation\Documentation.csproj", "{F6A26F22-422B-4A9F-8D8F-2A57C72C5DE3}"
EndProject
Global
	GlobalSection(SolutionConfigurationPlatforms) = preSolution
		Debug|Any CPU = Debug|Any CPU
		Debug|x64 = Debug|x64
		Debug|x86 = Debug|x86
		Debug-optimized|Any CPU = Debug-optimized|Any CPU
		Debug-optimized|x64 = Debug-optimized|x64
		Debug-optimized|x86 = Debug-optimized|x86
		Release|Any CPU = Release|Any CPU
		Release|x64 = Release|x64
		Release|x86 = Release|x86
	EndGlobalSection
	GlobalSection(ProjectConfigurationPlatforms) = postSolution
		{1D5E8EFB-C61F-436A-A5D7-57C3D5506D44}.Debug|Any CPU.ActiveCfg = Debug|Any CPU
		{1D5E8EFB-C61F-436A-A5D7-57C3D5506D44}.Debug|Any CPU.Build.0 = Debug|Any CPU
		{1D5E8EFB-C61F-436A-A5D7-57C3D5506D44}.Debug|x64.ActiveCfg = Debug|Any CPU
		{1D5E8EFB-C61F-436A-A5D7-57C3D5506D44}.Debug|x64.Build.0 = Debug|Any CPU
		{1D5E8EFB-C61F-436A-A5D7-57C3D5506D44}.Debug|x86.ActiveCfg = Debug|Any CPU
		{1D5E8EFB-C61F-436A-A5D7-57C3D5506D44}.Debug|x86.Build.0 = Debug|Any CPU
		{1D5E8EFB-C61F-436A-A5D7-57C3D5506D44}.Debug-optimized|Any CPU.ActiveCfg = Debug-optimized|Any CPU
		{1D5E8EFB-C61F-436A-A5D7-57C3D5506D44}.Debug-optimized|Any CPU.Build.0 = Debug-optimized|Any CPU
		{1D5E8EFB-C61F-436A-A5D7-57C3D5506D44}.Debug-optimized|x64.ActiveCfg = Debug-optimized|Any CPU
		{1D5E8EFB-C61F-436A-A5D7-57C3D5506D44}.Debug-optimized|x64.Build.0 = Debug-optimized|Any CPU
		{1D5E8EFB-C61F-436A-A5D7-57C3D5506D44}.Debug-optimized|x86.ActiveCfg = Debug-optimized|Any CPU
		{1D5E8EFB-C61F-436A-A5D7-57C3D5506D44}.Debug-optimized|x86.Build.0 = Debug-optimized|Any CPU
		{1D5E8EFB-C61F-436A-A5D7-57C3D5506D44}.Release|Any CPU.ActiveCfg = Release|Any CPU
		{1D5E8EFB-C61F-436A-A5D7-57C3D5506D44}.Release|Any CPU.Build.0 = Release|Any CPU
		{1D5E8EFB-C61F-436A-A5D7-57C3D5506D44}.Release|x64.ActiveCfg = Release|Any CPU
		{1D5E8EFB-C61F-436A-A5D7-57C3D5506D44}.Release|x64.Build.0 = Release|Any CPU
		{1D5E8EFB-C61F-436A-A5D7-57C3D5506D44}.Release|x86.ActiveCfg = Release|Any CPU
		{1D5E8EFB-C61F-436A-A5D7-57C3D5506D44}.Release|x86.Build.0 = Release|Any CPU
		{D7D21B4A-1DA7-41D8-B202-C58CA8FA62AA}.Debug|Any CPU.ActiveCfg = Debug|Any CPU
		{D7D21B4A-1DA7-41D8-B202-C58CA8FA62AA}.Debug|Any CPU.Build.0 = Debug|Any CPU
		{D7D21B4A-1DA7-41D8-B202-C58CA8FA62AA}.Debug|x64.ActiveCfg = Debug|Any CPU
		{D7D21B4A-1DA7-41D8-B202-C58CA8FA62AA}.Debug|x64.Build.0 = Debug|Any CPU
		{D7D21B4A-1DA7-41D8-B202-C58CA8FA62AA}.Debug|x86.ActiveCfg = Debug|Any CPU
		{D7D21B4A-1DA7-41D8-B202-C58CA8FA62AA}.Debug|x86.Build.0 = Debug|Any CPU
		{D7D21B4A-1DA7-41D8-B202-C58CA8FA62AA}.Debug-optimized|Any CPU.ActiveCfg = Debug-optimized|Any CPU
		{D7D21B4A-1DA7-41D8-B202-C58CA8FA62AA}.Debug-optimized|Any CPU.Build.0 = Debug-optimized|Any CPU
		{D7D21B4A-1DA7-41D8-B202-C58CA8FA62AA}.Debug-optimized|x64.ActiveCfg = Debug-optimized|Any CPU
		{D7D21B4A-1DA7-41D8-B202-C58CA8FA62AA}.Debug-optimized|x64.Build.0 = Debug-optimized|Any CPU
		{D7D21B4A-1DA7-41D8-B202-C58CA8FA62AA}.Debug-optimized|x86.ActiveCfg = Debug-optimized|Any CPU
		{D7D21B4A-1DA7-41D8-B202-C58CA8FA62AA}.Debug-optimized|x86.Build.0 = Debug-optimized|Any CPU
		{D7D21B4A-1DA7-41D8-B202-C58CA8FA62AA}.Release|Any CPU.ActiveCfg = Release|Any CPU
		{D7D21B4A-1DA7-41D8-B202-C58CA8FA62AA}.Release|Any CPU.Build.0 = Release|Any CPU
		{D7D21B4A-1DA7-41D8-B202-C58CA8FA62AA}.Release|x64.ActiveCfg = Release|Any CPU
		{D7D21B4A-1DA7-41D8-B202-C58CA8FA62AA}.Release|x64.Build.0 = Release|Any CPU
		{D7D21B4A-1DA7-41D8-B202-C58CA8FA62AA}.Release|x86.ActiveCfg = Release|Any CPU
		{D7D21B4A-1DA7-41D8-B202-C58CA8FA62AA}.Release|x86.Build.0 = Release|Any CPU
		{AC148760-7926-4473-8876-C2F4328FF95F}.Debug|Any CPU.ActiveCfg = Debug|Any CPU
		{AC148760-7926-4473-8876-C2F4328FF95F}.Debug|Any CPU.Build.0 = Debug|Any CPU
		{AC148760-7926-4473-8876-C2F4328FF95F}.Debug|x64.ActiveCfg = Debug|Any CPU
		{AC148760-7926-4473-8876-C2F4328FF95F}.Debug|x64.Build.0 = Debug|Any CPU
		{AC148760-7926-4473-8876-C2F4328FF95F}.Debug|x86.ActiveCfg = Debug|Any CPU
		{AC148760-7926-4473-8876-C2F4328FF95F}.Debug|x86.Build.0 = Debug|Any CPU
		{AC148760-7926-4473-8876-C2F4328FF95F}.Debug-optimized|Any CPU.ActiveCfg = Debug-optimized|Any CPU
		{AC148760-7926-4473-8876-C2F4328FF95F}.Debug-optimized|Any CPU.Build.0 = Debug-optimized|Any CPU
		{AC148760-7926-4473-8876-C2F4328FF95F}.Debug-optimized|x64.ActiveCfg = Debug-optimized|Any CPU
		{AC148760-7926-4473-8876-C2F4328FF95F}.Debug-optimized|x64.Build.0 = Debug-optimized|Any CPU
		{AC148760-7926-4473-8876-C2F4328FF95F}.Debug-optimized|x86.ActiveCfg = Debug-optimized|Any CPU
		{AC148760-7926-4473-8876-C2F4328FF95F}.Debug-optimized|x86.Build.0 = Debug-optimized|Any CPU
		{AC148760-7926-4473-8876-C2F4328FF95F}.Release|Any CPU.ActiveCfg = Release|Any CPU
		{AC148760-7926-4473-8876-C2F4328FF95F}.Release|x64.ActiveCfg = Release|Any CPU
		{AC148760-7926-4473-8876-C2F4328FF95F}.Release|x64.Build.0 = Release|Any CPU
		{AC148760-7926-4473-8876-C2F4328FF95F}.Release|x86.ActiveCfg = Release|Any CPU
		{AC148760-7926-4473-8876-C2F4328FF95F}.Release|x86.Build.0 = Release|Any CPU
		{F6A26F22-422B-4A9F-8D8F-2A57C72C5DE3}.Debug|Any CPU.ActiveCfg = Debug|Any CPU
		{F6A26F22-422B-4A9F-8D8F-2A57C72C5DE3}.Debug|x64.ActiveCfg = Debug|Any CPU
		{F6A26F22-422B-4A9F-8D8F-2A57C72C5DE3}.Debug|x64.Build.0 = Debug|Any CPU
		{F6A26F22-422B-4A9F-8D8F-2A57C72C5DE3}.Debug|x86.ActiveCfg = Debug|Any CPU
		{F6A26F22-422B-4A9F-8D8F-2A57C72C5DE3}.Debug|x86.Build.0 = Debug|Any CPU
		{F6A26F22-422B-4A9F-8D8F-2A57C72C5DE3}.Debug-optimized|Any CPU.ActiveCfg = Debug|Any CPU
		{F6A26F22-422B-4A9F-8D8F-2A57C72C5DE3}.Debug-optimized|x64.ActiveCfg = Debug|Any CPU
		{F6A26F22-422B-4A9F-8D8F-2A57C72C5DE3}.Debug-optimized|x64.Build.0 = Debug|Any CPU
		{F6A26F22-422B-4A9F-8D8F-2A57C72C5DE3}.Debug-optimized|x86.ActiveCfg = Debug|Any CPU
		{F6A26F22-422B-4A9F-8D8F-2A57C72C5DE3}.Debug-optimized|x86.Build.0 = Debug|Any CPU
		{F6A26F22-422B-4A9F-8D8F-2A57C72C5DE3}.Release|Any CPU.ActiveCfg = Release|Any CPU
		{F6A26F22-422B-4A9F-8D8F-2A57C72C5DE3}.Release|x64.ActiveCfg = Release|Any CPU
		{F6A26F22-422B-4A9F-8D8F-2A57C72C5DE3}.Release|x64.Build.0 = Release|Any CPU
		{F6A26F22-422B-4A9F-8D8F-2A57C72C5DE3}.Release|x86.ActiveCfg = Release|Any CPU
		{F6A26F22-422B-4A9F-8D8F-2A57C72C5DE3}.Release|x86.Build.0 = Release|Any CPU
	EndGlobalSection
	GlobalSection(SolutionProperties) = preSolution
		HideSolutionNode = FALSE
	EndGlobalSection
	GlobalSection(ExtensibilityGlobals) = postSolution
		SolutionGuid = {28CF9A73-5333-4EB3-BFCC-3FBEDDA19200}
	EndGlobalSection
EndGlobal
